// !$*UTF8*$!
{
	archiveVersion = 1;
	classes = {
	};
	objectVersion = 52;
	objects = {

/* Begin PBXBuildFile section */
		04093286245285B800BC4527 /* ZodiacName.swift in Sources */ = {isa = PBXBuildFile; fileRef = 04093285245285B800BC4527 /* ZodiacName.swift */; };
		0409328824528B5B00BC4527 /* HoroscopeName.swift in Sources */ = {isa = PBXBuildFile; fileRef = 0409328724528B5B00BC4527 /* HoroscopeName.swift */; };
		042704E02428E1D20036ADCE /* GenderViewController.swift in Sources */ = {isa = PBXBuildFile; fileRef = 042704DF2428E1D20036ADCE /* GenderViewController.swift */; };
		042704E22428E5C40036ADCE /* NameViewController.swift in Sources */ = {isa = PBXBuildFile; fileRef = 042704E12428E5C40036ADCE /* NameViewController.swift */; };
		042704E52428E7550036ADCE /* IQKeyboardManagerSwift in Frameworks */ = {isa = PBXBuildFile; productRef = 042704E42428E7550036ADCE /* IQKeyboardManagerSwift */; };
		042704E72428E8C00036ADCE /* CountryViewController.swift in Sources */ = {isa = PBXBuildFile; fileRef = 042704E62428E8C00036ADCE /* CountryViewController.swift */; };
		0431517624827949009047CB /* Yuanti.ttc in Resources */ = {isa = PBXBuildFile; fileRef = 0431517524827948009047CB /* Yuanti.ttc */; };
		043151792482879D009047CB /* TipsCell.swift in Sources */ = {isa = PBXBuildFile; fileRef = 043151772482879D009047CB /* TipsCell.swift */; };
		0431517A2482879D009047CB /* TipsCell.xib in Resources */ = {isa = PBXBuildFile; fileRef = 043151782482879D009047CB /* TipsCell.xib */; };
		0431518224829483009047CB /* TraitsCell.xib in Resources */ = {isa = PBXBuildFile; fileRef = 0431518024829483009047CB /* TraitsCell.xib */; };
		0431518424829E3C009047CB /* centaur.ttf in Resources */ = {isa = PBXBuildFile; fileRef = 0431518324829E3C009047CB /* centaur.ttf */; };
		0431518924829EAE009047CB /* LetterGothicStd-Bold.otf in Resources */ = {isa = PBXBuildFile; fileRef = 0431518524829EAD009047CB /* LetterGothicStd-Bold.otf */; };
		0431518A24829EAE009047CB /* LetterGothicStd-BoldSlanted.otf in Resources */ = {isa = PBXBuildFile; fileRef = 0431518624829EAD009047CB /* LetterGothicStd-BoldSlanted.otf */; };
		0431518B24829EAE009047CB /* LetterGothicStd-Slanted.otf in Resources */ = {isa = PBXBuildFile; fileRef = 0431518724829EAD009047CB /* LetterGothicStd-Slanted.otf */; };
		0431518C24829EAE009047CB /* LetterGothicStd.otf in Resources */ = {isa = PBXBuildFile; fileRef = 0431518824829EAE009047CB /* LetterGothicStd.otf */; };
		043F3B09243C6B8000ED8744 /* SettingViewController.swift in Sources */ = {isa = PBXBuildFile; fileRef = 043F3B08243C6B8000ED8744 /* SettingViewController.swift */; };
		043F3B692444737600ED8744 /* NameHistoryData.swift in Sources */ = {isa = PBXBuildFile; fileRef = 043F3B682444737600ED8744 /* NameHistoryData.swift */; };
		044F7D802439CC42007B64E4 /* APIBuilder.swift in Sources */ = {isa = PBXBuildFile; fileRef = 044F7D7F2439CC42007B64E4 /* APIBuilder.swift */; };
		044F7D822439D227007B64E4 /* NameData.swift in Sources */ = {isa = PBXBuildFile; fileRef = 044F7D812439D227007B64E4 /* NameData.swift */; };
		04587A9024728116002E1227 /* UsedCountData.swift in Sources */ = {isa = PBXBuildFile; fileRef = 04587A8F24728116002E1227 /* UsedCountData.swift */; };
		04587A972473DCD1002E1227 /* HistoryCell.swift in Sources */ = {isa = PBXBuildFile; fileRef = 04587A952473DCD1002E1227 /* HistoryCell.swift */; };
		04587A982473DCD1002E1227 /* HistoryCell.xib in Resources */ = {isa = PBXBuildFile; fileRef = 04587A962473DCD1002E1227 /* HistoryCell.xib */; };
		04587AA02477821D002E1227 /* StoreKit.framework in Frameworks */ = {isa = PBXBuildFile; fileRef = 04587A9F2477821D002E1227 /* StoreKit.framework */; };
		04975DB72413885C00EC257F /* AppDelegate.swift in Sources */ = {isa = PBXBuildFile; fileRef = 04975DB62413885C00EC257F /* AppDelegate.swift */; };
		04975DB92413885C00EC257F /* SceneDelegate.swift in Sources */ = {isa = PBXBuildFile; fileRef = 04975DB82413885C00EC257F /* SceneDelegate.swift */; };
		04975DBE2413885C00EC257F /* Main.storyboard in Resources */ = {isa = PBXBuildFile; fileRef = 04975DBC2413885C00EC257F /* Main.storyboard */; };
		04975DC02413886000EC257F /* Assets.xcassets in Resources */ = {isa = PBXBuildFile; fileRef = 04975DBF2413886000EC257F /* Assets.xcassets */; };
		04975DC32413886000EC257F /* LaunchScreen.storyboard in Resources */ = {isa = PBXBuildFile; fileRef = 04975DC12413886000EC257F /* LaunchScreen.storyboard */; };
		04975DCB24138B0D00EC257F /* HomeViewController.swift in Sources */ = {isa = PBXBuildFile; fileRef = 04975DCA24138B0D00EC257F /* HomeViewController.swift */; };
		04975DD1241393EE00EC257F /* HistoryViewController.swift in Sources */ = {isa = PBXBuildFile; fileRef = 04975DD0241393EE00EC257F /* HistoryViewController.swift */; };
		04975DD324139BAB00EC257F /* TipsViewController.swift in Sources */ = {isa = PBXBuildFile; fileRef = 04975DD224139BAB00EC257F /* TipsViewController.swift */; };
		04975DD5241E446D00EC257F /* NameInformationViewController.swift in Sources */ = {isa = PBXBuildFile; fileRef = 04975DD4241E446D00EC257F /* NameInformationViewController.swift */; };
		04C2615B2478DC86003E1024 /* StoryTableViewController.swift in Sources */ = {isa = PBXBuildFile; fileRef = 04C2615A2478DC86003E1024 /* StoryTableViewController.swift */; };
		04C2615D24791371003E1024 /* HoroscopeStoryViewController.swift in Sources */ = {isa = PBXBuildFile; fileRef = 04C2615C24791371003E1024 /* HoroscopeStoryViewController.swift */; };
		04E74FCD242F538E0001EFCE /* UserData.swift in Sources */ = {isa = PBXBuildFile; fileRef = 04E74FCC242F538E0001EFCE /* UserData.swift */; };
		04E74FCF242F5B080001EFCE /* PreferenceViewController.swift in Sources */ = {isa = PBXBuildFile; fileRef = 04E74FCE242F5B080001EFCE /* PreferenceViewController.swift */; };
		04E74FD12435D91B0001EFCE /* ResultViewController.swift in Sources */ = {isa = PBXBuildFile; fileRef = 04E74FD02435D91B0001EFCE /* ResultViewController.swift */; };
		04E74FD42435D99C0001EFCE /* ResultCell.swift in Sources */ = {isa = PBXBuildFile; fileRef = 04E74FD22435D99C0001EFCE /* ResultCell.swift */; };
		04E74FD52435D99C0001EFCE /* ResultCell.xib in Resources */ = {isa = PBXBuildFile; fileRef = 04E74FD32435D99C0001EFCE /* ResultCell.xib */; };
		04E74FD82435E7990001EFCE /* NameInformationCell.swift in Sources */ = {isa = PBXBuildFile; fileRef = 04E74FD62435E7990001EFCE /* NameInformationCell.swift */; };
		04E74FD92435E7990001EFCE /* NameInformationCell.xib in Resources */ = {isa = PBXBuildFile; fileRef = 04E74FD72435E7990001EFCE /* NameInformationCell.xib */; };
		04FA037D2428EE3C003F1A4F /* BirthViewController.swift in Sources */ = {isa = PBXBuildFile; fileRef = 04FA037C2428EE3C003F1A4F /* BirthViewController.swift */; };
		04FA037F2428F115003F1A4F /* TraitsViewController.swift in Sources */ = {isa = PBXBuildFile; fileRef = 04FA037E2428F115003F1A4F /* TraitsViewController.swift */; };
		04FA03822428F2DC003F1A4F /* TraitsCell.swift in Sources */ = {isa = PBXBuildFile; fileRef = 04FA03802428F2DC003F1A4F /* TraitsCell.swift */; };
		58E7A92C326CB25CFF3E22CE /* Pods_Chinese_Name_Generator.framework in Frameworks */ = {isa = PBXBuildFile; fileRef = FE0E1259CDA6FC1913DCC515 /* Pods_Chinese_Name_Generator.framework */; };
/* End PBXBuildFile section */

/* Begin PBXFileReference section */
		04093285245285B800BC4527 /* ZodiacName.swift */ = {isa = PBXFileReference; lastKnownFileType = sourcecode.swift; path = ZodiacName.swift; sourceTree = "<group>"; };
		0409328724528B5B00BC4527 /* HoroscopeName.swift */ = {isa = PBXFileReference; lastKnownFileType = sourcecode.swift; path = HoroscopeName.swift; sourceTree = "<group>"; };
		042704DF2428E1D20036ADCE /* GenderViewController.swift */ = {isa = PBXFileReference; lastKnownFileType = sourcecode.swift; path = GenderViewController.swift; sourceTree = "<group>"; };
		042704E12428E5C40036ADCE /* NameViewController.swift */ = {isa = PBXFileReference; lastKnownFileType = sourcecode.swift; path = NameViewController.swift; sourceTree = "<group>"; };
		042704E62428E8C00036ADCE /* CountryViewController.swift */ = {isa = PBXFileReference; lastKnownFileType = sourcecode.swift; path = CountryViewController.swift; sourceTree = "<group>"; };
		0431517524827948009047CB /* Yuanti.ttc */ = {isa = PBXFileReference; lastKnownFileType = file; path = Yuanti.ttc; sourceTree = "<group>"; };
		043151772482879D009047CB /* TipsCell.swift */ = {isa = PBXFileReference; lastKnownFileType = sourcecode.swift; path = TipsCell.swift; sourceTree = "<group>"; };
		043151782482879D009047CB /* TipsCell.xib */ = {isa = PBXFileReference; lastKnownFileType = file.xib; path = TipsCell.xib; sourceTree = "<group>"; };
		0431518024829483009047CB /* TraitsCell.xib */ = {isa = PBXFileReference; lastKnownFileType = file.xib; path = TraitsCell.xib; sourceTree = "<group>"; };
		0431518324829E3C009047CB /* centaur.ttf */ = {isa = PBXFileReference; lastKnownFileType = file; path = centaur.ttf; sourceTree = "<group>"; };
		0431518524829EAD009047CB /* LetterGothicStd-Bold.otf */ = {isa = PBXFileReference; lastKnownFileType = file; path = "LetterGothicStd-Bold.otf"; sourceTree = "<group>"; };
		0431518624829EAD009047CB /* LetterGothicStd-BoldSlanted.otf */ = {isa = PBXFileReference; lastKnownFileType = file; path = "LetterGothicStd-BoldSlanted.otf"; sourceTree = "<group>"; };
		0431518724829EAD009047CB /* LetterGothicStd-Slanted.otf */ = {isa = PBXFileReference; lastKnownFileType = file; path = "LetterGothicStd-Slanted.otf"; sourceTree = "<group>"; };
		0431518824829EAE009047CB /* LetterGothicStd.otf */ = {isa = PBXFileReference; lastKnownFileType = file; path = LetterGothicStd.otf; sourceTree = "<group>"; };
		043F3B08243C6B8000ED8744 /* SettingViewController.swift */ = {isa = PBXFileReference; lastKnownFileType = sourcecode.swift; path = SettingViewController.swift; sourceTree = "<group>"; };
		043F3B682444737600ED8744 /* NameHistoryData.swift */ = {isa = PBXFileReference; lastKnownFileType = sourcecode.swift; path = NameHistoryData.swift; sourceTree = "<group>"; };
		044F7D7F2439CC42007B64E4 /* APIBuilder.swift */ = {isa = PBXFileReference; lastKnownFileType = sourcecode.swift; path = APIBuilder.swift; sourceTree = "<group>"; };
		044F7D812439D227007B64E4 /* NameData.swift */ = {isa = PBXFileReference; lastKnownFileType = sourcecode.swift; path = NameData.swift; sourceTree = "<group>"; };
		04587A8F24728116002E1227 /* UsedCountData.swift */ = {isa = PBXFileReference; lastKnownFileType = sourcecode.swift; path = UsedCountData.swift; sourceTree = "<group>"; };
		04587A952473DCD1002E1227 /* HistoryCell.swift */ = {isa = PBXFileReference; lastKnownFileType = sourcecode.swift; path = HistoryCell.swift; sourceTree = "<group>"; };
		04587A962473DCD1002E1227 /* HistoryCell.xib */ = {isa = PBXFileReference; lastKnownFileType = file.xib; path = HistoryCell.xib; sourceTree = "<group>"; };
		04587A9F2477821D002E1227 /* StoreKit.framework */ = {isa = PBXFileReference; lastKnownFileType = wrapper.framework; name = StoreKit.framework; path = System/Library/Frameworks/StoreKit.framework; sourceTree = SDKROOT; };
		04975DB32413885C00EC257F /* 寶寶起名智能妙算.app */ = {isa = PBXFileReference; explicitFileType = wrapper.application; includeInIndex = 0; path = "寶寶起名智能妙算.app"; sourceTree = BUILT_PRODUCTS_DIR; };
		04975DB62413885C00EC257F /* AppDelegate.swift */ = {isa = PBXFileReference; lastKnownFileType = sourcecode.swift; path = AppDelegate.swift; sourceTree = "<group>"; };
		04975DB82413885C00EC257F /* SceneDelegate.swift */ = {isa = PBXFileReference; lastKnownFileType = sourcecode.swift; path = SceneDelegate.swift; sourceTree = "<group>"; };
		04975DBD2413885C00EC257F /* Base */ = {isa = PBXFileReference; lastKnownFileType = file.storyboard; name = Base; path = Base.lproj/Main.storyboard; sourceTree = "<group>"; };
		04975DBF2413886000EC257F /* Assets.xcassets */ = {isa = PBXFileReference; lastKnownFileType = folder.assetcatalog; path = Assets.xcassets; sourceTree = "<group>"; };
		04975DC22413886000EC257F /* Base */ = {isa = PBXFileReference; lastKnownFileType = file.storyboard; name = Base; path = Base.lproj/LaunchScreen.storyboard; sourceTree = "<group>"; };
		04975DC42413886000EC257F /* Info.plist */ = {isa = PBXFileReference; lastKnownFileType = text.plist.xml; path = Info.plist; sourceTree = "<group>"; };
		04975DCA24138B0D00EC257F /* HomeViewController.swift */ = {isa = PBXFileReference; lastKnownFileType = sourcecode.swift; path = HomeViewController.swift; sourceTree = "<group>"; };
		04975DD0241393EE00EC257F /* HistoryViewController.swift */ = {isa = PBXFileReference; lastKnownFileType = sourcecode.swift; path = HistoryViewController.swift; sourceTree = "<group>"; };
		04975DD224139BAB00EC257F /* TipsViewController.swift */ = {isa = PBXFileReference; lastKnownFileType = sourcecode.swift; path = TipsViewController.swift; sourceTree = "<group>"; };
		04975DD4241E446D00EC257F /* NameInformationViewController.swift */ = {isa = PBXFileReference; lastKnownFileType = sourcecode.swift; path = NameInformationViewController.swift; sourceTree = "<group>"; };
		04C2615A2478DC86003E1024 /* StoryTableViewController.swift */ = {isa = PBXFileReference; lastKnownFileType = sourcecode.swift; path = StoryTableViewController.swift; sourceTree = "<group>"; };
		04C2615C24791371003E1024 /* HoroscopeStoryViewController.swift */ = {isa = PBXFileReference; lastKnownFileType = sourcecode.swift; path = HoroscopeStoryViewController.swift; sourceTree = "<group>"; };
		04E74FCC242F538E0001EFCE /* UserData.swift */ = {isa = PBXFileReference; lastKnownFileType = sourcecode.swift; path = UserData.swift; sourceTree = "<group>"; };
		04E74FCE242F5B080001EFCE /* PreferenceViewController.swift */ = {isa = PBXFileReference; lastKnownFileType = sourcecode.swift; path = PreferenceViewController.swift; sourceTree = "<group>"; };
		04E74FD02435D91B0001EFCE /* ResultViewController.swift */ = {isa = PBXFileReference; lastKnownFileType = sourcecode.swift; path = ResultViewController.swift; sourceTree = "<group>"; };
		04E74FD22435D99C0001EFCE /* ResultCell.swift */ = {isa = PBXFileReference; lastKnownFileType = sourcecode.swift; path = ResultCell.swift; sourceTree = "<group>"; };
		04E74FD32435D99C0001EFCE /* ResultCell.xib */ = {isa = PBXFileReference; lastKnownFileType = file.xib; path = ResultCell.xib; sourceTree = "<group>"; };
		04E74FD62435E7990001EFCE /* NameInformationCell.swift */ = {isa = PBXFileReference; lastKnownFileType = sourcecode.swift; path = NameInformationCell.swift; sourceTree = "<group>"; };
		04E74FD72435E7990001EFCE /* NameInformationCell.xib */ = {isa = PBXFileReference; lastKnownFileType = file.xib; path = NameInformationCell.xib; sourceTree = "<group>"; };
		04FA037C2428EE3C003F1A4F /* BirthViewController.swift */ = {isa = PBXFileReference; lastKnownFileType = sourcecode.swift; path = BirthViewController.swift; sourceTree = "<group>"; };
		04FA037E2428F115003F1A4F /* TraitsViewController.swift */ = {isa = PBXFileReference; lastKnownFileType = sourcecode.swift; path = TraitsViewController.swift; sourceTree = "<group>"; };
		04FA03802428F2DC003F1A4F /* TraitsCell.swift */ = {isa = PBXFileReference; lastKnownFileType = sourcecode.swift; path = TraitsCell.swift; sourceTree = "<group>"; };
		86FCBE58501262DACCE22DF4 /* Pods-Chinese Name Generator.debug.xcconfig */ = {isa = PBXFileReference; includeInIndex = 1; lastKnownFileType = text.xcconfig; name = "Pods-Chinese Name Generator.debug.xcconfig"; path = "Target Support Files/Pods-Chinese Name Generator/Pods-Chinese Name Generator.debug.xcconfig"; sourceTree = "<group>"; };
		CF39B51973AA804844D0E05C /* Pods-Chinese Name Generator.release.xcconfig */ = {isa = PBXFileReference; includeInIndex = 1; lastKnownFileType = text.xcconfig; name = "Pods-Chinese Name Generator.release.xcconfig"; path = "Target Support Files/Pods-Chinese Name Generator/Pods-Chinese Name Generator.release.xcconfig"; sourceTree = "<group>"; };
		FE0E1259CDA6FC1913DCC515 /* Pods_Chinese_Name_Generator.framework */ = {isa = PBXFileReference; explicitFileType = wrapper.framework; includeInIndex = 0; path = Pods_Chinese_Name_Generator.framework; sourceTree = BUILT_PRODUCTS_DIR; };
/* End PBXFileReference section */

/* Begin PBXFrameworksBuildPhase section */
		04975DB02413885C00EC257F /* Frameworks */ = {
			isa = PBXFrameworksBuildPhase;
			buildActionMask = 2147483647;
			files = (
				04587AA02477821D002E1227 /* StoreKit.framework in Frameworks */,
				58E7A92C326CB25CFF3E22CE /* Pods_Chinese_Name_Generator.framework in Frameworks */,
				042704E52428E7550036ADCE /* IQKeyboardManagerSwift in Frameworks */,
			);
			runOnlyForDeploymentPostprocessing = 0;
		};
/* End PBXFrameworksBuildPhase section */

/* Begin PBXGroup section */
		043F3B0A243C6BB400ED8744 /* Cell */ = {
			isa = PBXGroup;
			children = (
				04FA03802428F2DC003F1A4F /* TraitsCell.swift */,
				0431518024829483009047CB /* TraitsCell.xib */,
				04E74FD22435D99C0001EFCE /* ResultCell.swift */,
				04E74FD32435D99C0001EFCE /* ResultCell.xib */,
				04E74FD62435E7990001EFCE /* NameInformationCell.swift */,
				04E74FD72435E7990001EFCE /* NameInformationCell.xib */,
				04587A952473DCD1002E1227 /* HistoryCell.swift */,
				04587A962473DCD1002E1227 /* HistoryCell.xib */,
				043151772482879D009047CB /* TipsCell.swift */,
				043151782482879D009047CB /* TipsCell.xib */,
			);
			path = Cell;
			sourceTree = "<group>";
		};
		043F3B0B243C6BD300ED8744 /* API */ = {
			isa = PBXGroup;
			children = (
				044F7D7F2439CC42007B64E4 /* APIBuilder.swift */,
				044F7D812439D227007B64E4 /* NameData.swift */,
				04587A8F24728116002E1227 /* UsedCountData.swift */,
			);
			path = API;
			sourceTree = "<group>";
		};
		043F3B672444727100ED8744 /* Realm */ = {
			isa = PBXGroup;
			children = (
				043F3B682444737600ED8744 /* NameHistoryData.swift */,
			);
			path = Realm;
			sourceTree = "<group>";
		};
		04975DAA2413885C00EC257F = {
			isa = PBXGroup;
			children = (
				04975DB52413885C00EC257F /* Chinese Name Generator */,
				04975DB42413885C00EC257F /* Products */,
				259E73AAE00769305C94B3C3 /* Pods */,
				17FED6CCB2C48EEE7B6FC590 /* Frameworks */,
			);
			sourceTree = "<group>";
		};
		04975DB42413885C00EC257F /* Products */ = {
			isa = PBXGroup;
			children = (
				04975DB32413885C00EC257F /* 寶寶起名智能妙算.app */,
			);
			name = Products;
			sourceTree = "<group>";
		};
		04975DB52413885C00EC257F /* Chinese Name Generator */ = {
			isa = PBXGroup;
			children = (
				04975DCF241393D400EC257F /* ViewController */,
				04975DCE241393CC00EC257F /* Model */,
				04975DB62413885C00EC257F /* AppDelegate.swift */,
				04975DB82413885C00EC257F /* SceneDelegate.swift */,
				04975DBC2413885C00EC257F /* Main.storyboard */,
				04975DBF2413886000EC257F /* Assets.xcassets */,
				04975DC12413886000EC257F /* LaunchScreen.storyboard */,
				04975DC42413886000EC257F /* Info.plist */,
				0431517524827948009047CB /* Yuanti.ttc */,
				0431518324829E3C009047CB /* centaur.ttf */,
				0431518524829EAD009047CB /* LetterGothicStd-Bold.otf */,
				0431518624829EAD009047CB /* LetterGothicStd-BoldSlanted.otf */,
				0431518724829EAD009047CB /* LetterGothicStd-Slanted.otf */,
				0431518824829EAE009047CB /* LetterGothicStd.otf */,
			);
			path = "Chinese Name Generator";
			sourceTree = "<group>";
		};
		04975DCE241393CC00EC257F /* Model */ = {
			isa = PBXGroup;
			children = (
				043F3B672444727100ED8744 /* Realm */,
				043F3B0B243C6BD300ED8744 /* API */,
				043F3B0A243C6BB400ED8744 /* Cell */,
				04E74FCC242F538E0001EFCE /* UserData.swift */,
				04093285245285B800BC4527 /* ZodiacName.swift */,
				0409328724528B5B00BC4527 /* HoroscopeName.swift */,
			);
			path = Model;
			sourceTree = "<group>";
		};
		04975DCF241393D400EC257F /* ViewController */ = {
			isa = PBXGroup;
			children = (
				04975DCA24138B0D00EC257F /* HomeViewController.swift */,
				04975DD0241393EE00EC257F /* HistoryViewController.swift */,
				04975DD224139BAB00EC257F /* TipsViewController.swift */,
				04975DD4241E446D00EC257F /* NameInformationViewController.swift */,
				042704DF2428E1D20036ADCE /* GenderViewController.swift */,
				042704E12428E5C40036ADCE /* NameViewController.swift */,
				042704E62428E8C00036ADCE /* CountryViewController.swift */,
				04FA037C2428EE3C003F1A4F /* BirthViewController.swift */,
				04FA037E2428F115003F1A4F /* TraitsViewController.swift */,
				04E74FCE242F5B080001EFCE /* PreferenceViewController.swift */,
				04E74FD02435D91B0001EFCE /* ResultViewController.swift */,
				043F3B08243C6B8000ED8744 /* SettingViewController.swift */,
				04C2615A2478DC86003E1024 /* StoryTableViewController.swift */,
				04C2615C24791371003E1024 /* HoroscopeStoryViewController.swift */,
			);
			path = ViewController;
			sourceTree = "<group>";
		};
		17FED6CCB2C48EEE7B6FC590 /* Frameworks */ = {
			isa = PBXGroup;
			children = (
				04587A9F2477821D002E1227 /* StoreKit.framework */,
				FE0E1259CDA6FC1913DCC515 /* Pods_Chinese_Name_Generator.framework */,
			);
			name = Frameworks;
			sourceTree = "<group>";
		};
		259E73AAE00769305C94B3C3 /* Pods */ = {
			isa = PBXGroup;
			children = (
				86FCBE58501262DACCE22DF4 /* Pods-Chinese Name Generator.debug.xcconfig */,
				CF39B51973AA804844D0E05C /* Pods-Chinese Name Generator.release.xcconfig */,
			);
			path = Pods;
			sourceTree = "<group>";
		};
/* End PBXGroup section */

/* Begin PBXNativeTarget section */
		04975DB22413885C00EC257F /* Chinese Name Generator */ = {
			isa = PBXNativeTarget;
			buildConfigurationList = 04975DC72413886000EC257F /* Build configuration list for PBXNativeTarget "Chinese Name Generator" */;
			buildPhases = (
				18B8EFD055F836FC0F3C465B /* [CP] Check Pods Manifest.lock */,
				04975DAF2413885C00EC257F /* Sources */,
				04975DB02413885C00EC257F /* Frameworks */,
				04975DB12413885C00EC257F /* Resources */,
				E8BD8B39B1BD9FA68116C4D5 /* [CP] Embed Pods Frameworks */,
			);
			buildRules = (
			);
			dependencies = (
			);
			name = "Chinese Name Generator";
			packageProductDependencies = (
				042704E42428E7550036ADCE /* IQKeyboardManagerSwift */,
			);
			productName = "Chinese Name Generator";
			productReference = 04975DB32413885C00EC257F /* 寶寶起名智能妙算.app */;
			productType = "com.apple.product-type.application";
		};
/* End PBXNativeTarget section */

/* Begin PBXProject section */
		04975DAB2413885C00EC257F /* Project object */ = {
			isa = PBXProject;
			attributes = {
				LastSwiftUpdateCheck = 1130;
				LastUpgradeCheck = 1130;
				ORGANIZATIONNAME = Joe;
				TargetAttributes = {
					04975DB22413885C00EC257F = {
						CreatedOnToolsVersion = 11.3.1;
					};
				};
			};
			buildConfigurationList = 04975DAE2413885C00EC257F /* Build configuration list for PBXProject "Chinese Name Generator" */;
			compatibilityVersion = "Xcode 9.3";
			developmentRegion = en;
			hasScannedForEncodings = 0;
			knownRegions = (
				en,
				Base,
			);
			mainGroup = 04975DAA2413885C00EC257F;
			packageReferences = (
				042704E32428E7550036ADCE /* XCRemoteSwiftPackageReference "IQKeyboardManager" */,
			);
			productRefGroup = 04975DB42413885C00EC257F /* Products */;
			projectDirPath = "";
			projectRoot = "";
			targets = (
				04975DB22413885C00EC257F /* Chinese Name Generator */,
			);
		};
/* End PBXProject section */

/* Begin PBXResourcesBuildPhase section */
		04975DB12413885C00EC257F /* Resources */ = {
			isa = PBXResourcesBuildPhase;
			buildActionMask = 2147483647;
			files = (
				0431518224829483009047CB /* TraitsCell.xib in Resources */,
				0431518424829E3C009047CB /* centaur.ttf in Resources */,
				0431517624827949009047CB /* Yuanti.ttc in Resources */,
				04975DC32413886000EC257F /* LaunchScreen.storyboard in Resources */,
				04587A982473DCD1002E1227 /* HistoryCell.xib in Resources */,
				0431517A2482879D009047CB /* TipsCell.xib in Resources */,
				04975DC02413886000EC257F /* Assets.xcassets in Resources */,
				04E74FD92435E7990001EFCE /* NameInformationCell.xib in Resources */,
				04975DBE2413885C00EC257F /* Main.storyboard in Resources */,
				0431518C24829EAE009047CB /* LetterGothicStd.otf in Resources */,
				0431518924829EAE009047CB /* LetterGothicStd-Bold.otf in Resources */,
				0431518A24829EAE009047CB /* LetterGothicStd-BoldSlanted.otf in Resources */,
				04E74FD52435D99C0001EFCE /* ResultCell.xib in Resources */,
				0431518B24829EAE009047CB /* LetterGothicStd-Slanted.otf in Resources */,
			);
			runOnlyForDeploymentPostprocessing = 0;
		};
/* End PBXResourcesBuildPhase section */

/* Begin PBXShellScriptBuildPhase section */
		18B8EFD055F836FC0F3C465B /* [CP] Check Pods Manifest.lock */ = {
			isa = PBXShellScriptBuildPhase;
			buildActionMask = 2147483647;
			files = (
			);
			inputFileListPaths = (
			);
			inputPaths = (
				"${PODS_PODFILE_DIR_PATH}/Podfile.lock",
				"${PODS_ROOT}/Manifest.lock",
			);
			name = "[CP] Check Pods Manifest.lock";
			outputFileListPaths = (
			);
			outputPaths = (
				"$(DERIVED_FILE_DIR)/Pods-Chinese Name Generator-checkManifestLockResult.txt",
			);
			runOnlyForDeploymentPostprocessing = 0;
			shellPath = /bin/sh;
			shellScript = "diff \"${PODS_PODFILE_DIR_PATH}/Podfile.lock\" \"${PODS_ROOT}/Manifest.lock\" > /dev/null\nif [ $? != 0 ] ; then\n    # print error to STDERR\n    echo \"error: The sandbox is not in sync with the Podfile.lock. Run 'pod install' or update your CocoaPods installation.\" >&2\n    exit 1\nfi\n# This output is used by Xcode 'outputs' to avoid re-running this script phase.\necho \"SUCCESS\" > \"${SCRIPT_OUTPUT_FILE_0}\"\n";
			showEnvVarsInLog = 0;
		};
		E8BD8B39B1BD9FA68116C4D5 /* [CP] Embed Pods Frameworks */ = {
			isa = PBXShellScriptBuildPhase;
			buildActionMask = 2147483647;
			files = (
			);
			inputFileListPaths = (
				"${PODS_ROOT}/Target Support Files/Pods-Chinese Name Generator/Pods-Chinese Name Generator-frameworks-${CONFIGURATION}-input-files.xcfilelist",
			);
			name = "[CP] Embed Pods Frameworks";
			outputFileListPaths = (
				"${PODS_ROOT}/Target Support Files/Pods-Chinese Name Generator/Pods-Chinese Name Generator-frameworks-${CONFIGURATION}-output-files.xcfilelist",
			);
			runOnlyForDeploymentPostprocessing = 0;
			shellPath = /bin/sh;
			shellScript = "\"${PODS_ROOT}/Target Support Files/Pods-Chinese Name Generator/Pods-Chinese Name Generator-frameworks.sh\"\n";
			showEnvVarsInLog = 0;
		};
/* End PBXShellScriptBuildPhase section */

/* Begin PBXSourcesBuildPhase section */
		04975DAF2413885C00EC257F /* Sources */ = {
			isa = PBXSourcesBuildPhase;
			buildActionMask = 2147483647;
			files = (
				04587A9024728116002E1227 /* UsedCountData.swift in Sources */,
				04C2615D24791371003E1024 /* HoroscopeStoryViewController.swift in Sources */,
				043F3B692444737600ED8744 /* NameHistoryData.swift in Sources */,
				04E74FCF242F5B080001EFCE /* PreferenceViewController.swift in Sources */,
				04975DB72413885C00EC257F /* AppDelegate.swift in Sources */,
				042704E02428E1D20036ADCE /* GenderViewController.swift in Sources */,
				04E74FD12435D91B0001EFCE /* ResultViewController.swift in Sources */,
				043151792482879D009047CB /* TipsCell.swift in Sources */,
				0409328824528B5B00BC4527 /* HoroscopeName.swift in Sources */,
				04E74FCD242F538E0001EFCE /* UserData.swift in Sources */,
				043F3B09243C6B8000ED8744 /* SettingViewController.swift in Sources */,
				04E74FD42435D99C0001EFCE /* ResultCell.swift in Sources */,
				04975DB92413885C00EC257F /* SceneDelegate.swift in Sources */,
				042704E72428E8C00036ADCE /* CountryViewController.swift in Sources */,
				04975DD324139BAB00EC257F /* TipsViewController.swift in Sources */,
				04FA03822428F2DC003F1A4F /* TraitsCell.swift in Sources */,
				04093286245285B800BC4527 /* ZodiacName.swift in Sources */,
				04587A972473DCD1002E1227 /* HistoryCell.swift in Sources */,
				042704E22428E5C40036ADCE /* NameViewController.swift in Sources */,
				044F7D802439CC42007B64E4 /* APIBuilder.swift in Sources */,
				04975DD1241393EE00EC257F /* HistoryViewController.swift in Sources */,
				04C2615B2478DC86003E1024 /* StoryTableViewController.swift in Sources */,
				04975DD5241E446D00EC257F /* NameInformationViewController.swift in Sources */,
				04FA037D2428EE3C003F1A4F /* BirthViewController.swift in Sources */,
				044F7D822439D227007B64E4 /* NameData.swift in Sources */,
				04E74FD82435E7990001EFCE /* NameInformationCell.swift in Sources */,
				04975DCB24138B0D00EC257F /* HomeViewController.swift in Sources */,
				04FA037F2428F115003F1A4F /* TraitsViewController.swift in Sources */,
			);
			runOnlyForDeploymentPostprocessing = 0;
		};
/* End PBXSourcesBuildPhase section */

/* Begin PBXVariantGroup section */
		04975DBC2413885C00EC257F /* Main.storyboard */ = {
			isa = PBXVariantGroup;
			children = (
				04975DBD2413885C00EC257F /* Base */,
			);
			name = Main.storyboard;
			sourceTree = "<group>";
		};
		04975DC12413886000EC257F /* LaunchScreen.storyboard */ = {
			isa = PBXVariantGroup;
			children = (
				04975DC22413886000EC257F /* Base */,
			);
			name = LaunchScreen.storyboard;
			sourceTree = "<group>";
		};
/* End PBXVariantGroup section */

/* Begin XCBuildConfiguration section */
		04975DC52413886000EC257F /* Debug */ = {
			isa = XCBuildConfiguration;
			buildSettings = {
				ALWAYS_SEARCH_USER_PATHS = NO;
				CLANG_ANALYZER_NONNULL = YES;
				CLANG_ANALYZER_NUMBER_OBJECT_CONVERSION = YES_AGGRESSIVE;
				CLANG_CXX_LANGUAGE_STANDARD = "gnu++14";
				CLANG_CXX_LIBRARY = "libc++";
				CLANG_ENABLE_MODULES = YES;
				CLANG_ENABLE_OBJC_ARC = YES;
				CLANG_ENABLE_OBJC_WEAK = YES;
				CLANG_WARN_BLOCK_CAPTURE_AUTORELEASING = YES;
				CLANG_WARN_BOOL_CONVERSION = YES;
				CLANG_WARN_COMMA = YES;
				CLANG_WARN_CONSTANT_CONVERSION = YES;
				CLANG_WARN_DEPRECATED_OBJC_IMPLEMENTATIONS = YES;
				CLANG_WARN_DIRECT_OBJC_ISA_USAGE = YES_ERROR;
				CLANG_WARN_DOCUMENTATION_COMMENTS = YES;
				CLANG_WARN_EMPTY_BODY = YES;
				CLANG_WARN_ENUM_CONVERSION = YES;
				CLANG_WARN_INFINITE_RECURSION = YES;
				CLANG_WARN_INT_CONVERSION = YES;
				CLANG_WARN_NON_LITERAL_NULL_CONVERSION = YES;
				CLANG_WARN_OBJC_IMPLICIT_RETAIN_SELF = YES;
				CLANG_WARN_OBJC_LITERAL_CONVERSION = YES;
				CLANG_WARN_OBJC_ROOT_CLASS = YES_ERROR;
				CLANG_WARN_RANGE_LOOP_ANALYSIS = YES;
				CLANG_WARN_STRICT_PROTOTYPES = YES;
				CLANG_WARN_SUSPICIOUS_MOVE = YES;
				CLANG_WARN_UNGUARDED_AVAILABILITY = YES_AGGRESSIVE;
				CLANG_WARN_UNREACHABLE_CODE = YES;
				CLANG_WARN__DUPLICATE_METHOD_MATCH = YES;
				COPY_PHASE_STRIP = NO;
				DEBUG_INFORMATION_FORMAT = dwarf;
				ENABLE_STRICT_OBJC_MSGSEND = YES;
				ENABLE_TESTABILITY = YES;
				GCC_C_LANGUAGE_STANDARD = gnu11;
				GCC_DYNAMIC_NO_PIC = NO;
				GCC_NO_COMMON_BLOCKS = YES;
				GCC_OPTIMIZATION_LEVEL = 0;
				GCC_PREPROCESSOR_DEFINITIONS = (
					"DEBUG=1",
					"$(inherited)",
				);
				GCC_WARN_64_TO_32_BIT_CONVERSION = YES;
				GCC_WARN_ABOUT_RETURN_TYPE = YES_ERROR;
				GCC_WARN_UNDECLARED_SELECTOR = YES;
				GCC_WARN_UNINITIALIZED_AUTOS = YES_AGGRESSIVE;
				GCC_WARN_UNUSED_FUNCTION = YES;
				GCC_WARN_UNUSED_VARIABLE = YES;
				IPHONEOS_DEPLOYMENT_TARGET = 13.2;
				MTL_ENABLE_DEBUG_INFO = INCLUDE_SOURCE;
				MTL_FAST_MATH = YES;
				ONLY_ACTIVE_ARCH = YES;
				SDKROOT = iphoneos;
				SWIFT_ACTIVE_COMPILATION_CONDITIONS = DEBUG;
				SWIFT_OPTIMIZATION_LEVEL = "-Onone";
			};
			name = Debug;
		};
		04975DC62413886000EC257F /* Release */ = {
			isa = XCBuildConfiguration;
			buildSettings = {
				ALWAYS_SEARCH_USER_PATHS = NO;
				CLANG_ANALYZER_NONNULL = YES;
				CLANG_ANALYZER_NUMBER_OBJECT_CONVERSION = YES_AGGRESSIVE;
				CLANG_CXX_LANGUAGE_STANDARD = "gnu++14";
				CLANG_CXX_LIBRARY = "libc++";
				CLANG_ENABLE_MODULES = YES;
				CLANG_ENABLE_OBJC_ARC = YES;
				CLANG_ENABLE_OBJC_WEAK = YES;
				CLANG_WARN_BLOCK_CAPTURE_AUTORELEASING = YES;
				CLANG_WARN_BOOL_CONVERSION = YES;
				CLANG_WARN_COMMA = YES;
				CLANG_WARN_CONSTANT_CONVERSION = YES;
				CLANG_WARN_DEPRECATED_OBJC_IMPLEMENTATIONS = YES;
				CLANG_WARN_DIRECT_OBJC_ISA_USAGE = YES_ERROR;
				CLANG_WARN_DOCUMENTATION_COMMENTS = YES;
				CLANG_WARN_EMPTY_BODY = YES;
				CLANG_WARN_ENUM_CONVERSION = YES;
				CLANG_WARN_INFINITE_RECURSION = YES;
				CLANG_WARN_INT_CONVERSION = YES;
				CLANG_WARN_NON_LITERAL_NULL_CONVERSION = YES;
				CLANG_WARN_OBJC_IMPLICIT_RETAIN_SELF = YES;
				CLANG_WARN_OBJC_LITERAL_CONVERSION = YES;
				CLANG_WARN_OBJC_ROOT_CLASS = YES_ERROR;
				CLANG_WARN_RANGE_LOOP_ANALYSIS = YES;
				CLANG_WARN_STRICT_PROTOTYPES = YES;
				CLANG_WARN_SUSPICIOUS_MOVE = YES;
				CLANG_WARN_UNGUARDED_AVAILABILITY = YES_AGGRESSIVE;
				CLANG_WARN_UNREACHABLE_CODE = YES;
				CLANG_WARN__DUPLICATE_METHOD_MATCH = YES;
				COPY_PHASE_STRIP = NO;
				DEBUG_INFORMATION_FORMAT = "dwarf-with-dsym";
				ENABLE_NS_ASSERTIONS = NO;
				ENABLE_STRICT_OBJC_MSGSEND = YES;
				GCC_C_LANGUAGE_STANDARD = gnu11;
				GCC_NO_COMMON_BLOCKS = YES;
				GCC_WARN_64_TO_32_BIT_CONVERSION = YES;
				GCC_WARN_ABOUT_RETURN_TYPE = YES_ERROR;
				GCC_WARN_UNDECLARED_SELECTOR = YES;
				GCC_WARN_UNINITIALIZED_AUTOS = YES_AGGRESSIVE;
				GCC_WARN_UNUSED_FUNCTION = YES;
				GCC_WARN_UNUSED_VARIABLE = YES;
				IPHONEOS_DEPLOYMENT_TARGET = 13.2;
				MTL_ENABLE_DEBUG_INFO = NO;
				MTL_FAST_MATH = YES;
				SDKROOT = iphoneos;
				SWIFT_COMPILATION_MODE = wholemodule;
				SWIFT_OPTIMIZATION_LEVEL = "-O";
				VALIDATE_PRODUCT = YES;
			};
			name = Release;
		};
		04975DC82413886000EC257F /* Debug */ = {
			isa = XCBuildConfiguration;
			baseConfigurationReference = 86FCBE58501262DACCE22DF4 /* Pods-Chinese Name Generator.debug.xcconfig */;
			buildSettings = {
				ASSETCATALOG_COMPILER_APPICON_NAME = AppIcon;
				CODE_SIGN_STYLE = Automatic;
				DEVELOPMENT_TEAM = A537622CYX;
				INFOPLIST_FILE = "Chinese Name Generator/Info.plist";
				IPHONEOS_DEPLOYMENT_TARGET = 12.0;
				LD_RUNPATH_SEARCH_PATHS = (
					"$(inherited)",
					"@executable_path/Frameworks",
				);
				PRODUCT_BUNDLE_IDENTIFIER = "GuangXin.Chinese-Name-Generator";
				PRODUCT_NAME = "寶寶起名智能妙算";
				SWIFT_VERSION = 5.0;
				TARGETED_DEVICE_FAMILY = 1;
			};
			name = Debug;
		};
		04975DC92413886000EC257F /* Release */ = {
			isa = XCBuildConfiguration;
			baseConfigurationReference = CF39B51973AA804844D0E05C /* Pods-Chinese Name Generator.release.xcconfig */;
			buildSettings = {
				ASSETCATALOG_COMPILER_APPICON_NAME = AppIcon;
				CODE_SIGN_STYLE = Automatic;
				DEVELOPMENT_TEAM = A537622CYX;
				INFOPLIST_FILE = "Chinese Name Generator/Info.plist";
				IPHONEOS_DEPLOYMENT_TARGET = 12.0;
				LD_RUNPATH_SEARCH_PATHS = (
					"$(inherited)",
					"@executable_path/Frameworks",
				);
				PRODUCT_BUNDLE_IDENTIFIER = "GuangXin.Chinese-Name-Generator";
				PRODUCT_NAME = "寶寶起名智能妙算";
				SWIFT_VERSION = 5.0;
				TARGETED_DEVICE_FAMILY = 1;
			};
			name = Release;
		};
/* End XCBuildConfiguration section */

/* Begin XCConfigurationList section */
		04975DAE2413885C00EC257F /* Build configuration list for PBXProject "Chinese Name Generator" */ = {
			isa = XCConfigurationList;
			buildConfigurations = (
				04975DC52413886000EC257F /* Debug */,
				04975DC62413886000EC257F /* Release */,
			);
			defaultConfigurationIsVisible = 0;
			defaultConfigurationName = Release;
		};
		04975DC72413886000EC257F /* Build configuration list for PBXNativeTarget "Chinese Name Generator" */ = {
			isa = XCConfigurationList;
			buildConfigurations = (
				04975DC82413886000EC257F /* Debug */,
				04975DC92413886000EC257F /* Release */,
			);
			defaultConfigurationIsVisible = 0;
			defaultConfigurationName = Release;
		};
/* End XCConfigurationList section */

/* Begin XCRemoteSwiftPackageReference section */
		042704E32428E7550036ADCE /* XCRemoteSwiftPackageReference "IQKeyboardManager" */ = {
			isa = XCRemoteSwiftPackageReference;
			repositoryURL = "https://github.com/hackiftekhar/IQKeyboardManager";
			requirement = {
				kind = upToNextMajorVersion;
				minimumVersion = 6.5.5;
			};
		};
/* End XCRemoteSwiftPackageReference section */

/* Begin XCSwiftPackageProductDependency section */
		042704E42428E7550036ADCE /* IQKeyboardManagerSwift */ = {
			isa = XCSwiftPackageProductDependency;
			package = 042704E32428E7550036ADCE /* XCRemoteSwiftPackageReference "IQKeyboardManager" */;
			productName = IQKeyboardManagerSwift;
		};
/* End XCSwiftPackageProductDependency section */
	};
	rootObject = 04975DAB2413885C00EC257F /* Project object */;
}
